// !$*UTF8*$!
{
	archiveVersion = 1;
	classes = {
	};
	objectVersion = 46;
	objects = {

/* Begin PBXBuildFile section */
		DD7C84521550A3AB00CC13B9 /* UIKit.framework in Frameworks */ = {isa = PBXBuildFile; fileRef = DD7C84511550A3AB00CC13B9 /* UIKit.framework */; };
		DD7C84541550A3AB00CC13B9 /* Foundation.framework in Frameworks */ = {isa = PBXBuildFile; fileRef = DD7C84531550A3AB00CC13B9 /* Foundation.framework */; };
		DD7C84561550A3AB00CC13B9 /* CoreGraphics.framework in Frameworks */ = {isa = PBXBuildFile; fileRef = DD7C84551550A3AB00CC13B9 /* CoreGraphics.framework */; };
		DD7C845C1550A3AB00CC13B9 /* InfoPlist.strings in Resources */ = {isa = PBXBuildFile; fileRef = DD7C845A1550A3AB00CC13B9 /* InfoPlist.strings */; };
		DD7C845E1550A3AB00CC13B9 /* main.m in Sources */ = {isa = PBXBuildFile; fileRef = DD7C845D1550A3AB00CC13B9 /* main.m */; };
		DD7C84621550A3AB00CC13B9 /* AppDelegate.m in Sources */ = {isa = PBXBuildFile; fileRef = DD7C84611550A3AB00CC13B9 /* AppDelegate.m */; };
		DD7C84651550A3AB00CC13B9 /* MainStoryboard_iPhone.storyboard in Resources */ = {isa = PBXBuildFile; fileRef = DD7C84631550A3AB00CC13B9 /* MainStoryboard_iPhone.storyboard */; };
		DD7C846B1550A3AB00CC13B9 /* ViewController.m in Sources */ = {isa = PBXBuildFile; fileRef = DD7C846A1550A3AB00CC13B9 /* ViewController.m */; };
		DD7C84731550A3AB00CC13B9 /* SenTestingKit.framework in Frameworks */ = {isa = PBXBuildFile; fileRef = DD7C84721550A3AB00CC13B9 /* SenTestingKit.framework */; };
		DD7C84741550A3AB00CC13B9 /* UIKit.framework in Frameworks */ = {isa = PBXBuildFile; fileRef = DD7C84511550A3AB00CC13B9 /* UIKit.framework */; };
		DD7C84751550A3AB00CC13B9 /* Foundation.framework in Frameworks */ = {isa = PBXBuildFile; fileRef = DD7C84531550A3AB00CC13B9 /* Foundation.framework */; };
		DD7C847D1550A3AB00CC13B9 /* InfoPlist.strings in Resources */ = {isa = PBXBuildFile; fileRef = DD7C847B1550A3AB00CC13B9 /* InfoPlist.strings */; };
		DD7C84801550A3AB00CC13B9 /* CheckersTests.m in Sources */ = {isa = PBXBuildFile; fileRef = DD7C847F1550A3AB00CC13B9 /* CheckersTests.m */; };
		DD7C848B1550A5F200CC13B9 /* Board.m in Sources */ = {isa = PBXBuildFile; fileRef = DD7C848A1550A5F200CC13B9 /* Board.m */; };
		DDE016DE155127F20017DD2C /* CheckerView.m in Sources */ = {isa = PBXBuildFile; fileRef = DDE016DD155127F20017DD2C /* CheckerView.m */; };
/* End PBXBuildFile section */

/* Begin PBXContainerItemProxy section */
		DD7C84761550A3AB00CC13B9 /* PBXContainerItemProxy */ = {
			isa = PBXContainerItemProxy;
			containerPortal = DD7C84441550A3AB00CC13B9 /* Project object */;
			proxyType = 1;
			remoteGlobalIDString = DD7C844C1550A3AB00CC13B9;
			remoteInfo = Checkers;
		};
/* End PBXContainerItemProxy section */

/* Begin PBXFileReference section */
		DD7C844D1550A3AB00CC13B9 /* Checkers.app */ = {isa = PBXFileReference; explicitFileType = wrapper.application; includeInIndex = 0; path = Checkers.app; sourceTree = BUILT_PRODUCTS_DIR; };
		DD7C84511550A3AB00CC13B9 /* UIKit.framework */ = {isa = PBXFileReference; lastKnownFileType = wrapper.framework; name = UIKit.framework; path = System/Library/Frameworks/UIKit.framework; sourceTree = SDKROOT; };
		DD7C84531550A3AB00CC13B9 /* Foundation.framework */ = {isa = PBXFileReference; lastKnownFileType = wrapper.framework; name = Foundation.framework; path = System/Library/Frameworks/Foundation.framework; sourceTree = SDKROOT; };
		DD7C84551550A3AB00CC13B9 /* CoreGraphics.framework */ = {isa = PBXFileReference; lastKnownFileType = wrapper.framework; name = CoreGraphics.framework; path = System/Library/Frameworks/CoreGraphics.framework; sourceTree = SDKROOT; };
		DD7C84591550A3AB00CC13B9 /* Checkers-Info.plist */ = {isa = PBXFileReference; lastKnownFileType = text.plist.xml; path = "Checkers-Info.plist"; sourceTree = "<group>"; };
		DD7C845B1550A3AB00CC13B9 /* en */ = {isa = PBXFileReference; lastKnownFileType = text.plist.strings; name = en; path = en.lproj/InfoPlist.strings; sourceTree = "<group>"; };
		DD7C845D1550A3AB00CC13B9 /* main.m */ = {isa = PBXFileReference; lastKnownFileType = sourcecode.c.objc; path = main.m; sourceTree = "<group>"; };
		DD7C845F1550A3AB00CC13B9 /* Checkers-Prefix.pch */ = {isa = PBXFileReference; lastKnownFileType = sourcecode.c.h; path = "Checkers-Prefix.pch"; sourceTree = "<group>"; };
		DD7C84601550A3AB00CC13B9 /* AppDelegate.h */ = {isa = PBXFileReference; lastKnownFileType = sourcecode.c.h; path = AppDelegate.h; sourceTree = "<group>"; };
		DD7C84611550A3AB00CC13B9 /* AppDelegate.m */ = {isa = PBXFileReference; lastKnownFileType = sourcecode.c.objc; path = AppDelegate.m; sourceTree = "<group>"; };
		DD7C84641550A3AB00CC13B9 /* en */ = {isa = PBXFileReference; lastKnownFileType = file.storyboard; name = en; path = en.lproj/MainStoryboard_iPhone.storyboard; sourceTree = "<group>"; };
		DD7C84691550A3AB00CC13B9 /* ViewController.h */ = {isa = PBXFileReference; lastKnownFileType = sourcecode.c.h; path = ViewController.h; sourceTree = "<group>"; };
		DD7C846A1550A3AB00CC13B9 /* ViewController.m */ = {isa = PBXFileReference; lastKnownFileType = sourcecode.c.objc; path = ViewController.m; sourceTree = "<group>"; };
		DD7C84711550A3AB00CC13B9 /* CheckersTests.octest */ = {isa = PBXFileReference; explicitFileType = wrapper.cfbundle; includeInIndex = 0; path = CheckersTests.octest; sourceTree = BUILT_PRODUCTS_DIR; };
		DD7C84721550A3AB00CC13B9 /* SenTestingKit.framework */ = {isa = PBXFileReference; lastKnownFileType = wrapper.framework; name = SenTestingKit.framework; path = Library/Frameworks/SenTestingKit.framework; sourceTree = DEVELOPER_DIR; };
		DD7C847A1550A3AB00CC13B9 /* CheckersTests-Info.plist */ = {isa = PBXFileReference; lastKnownFileType = text.plist.xml; path = "CheckersTests-Info.plist"; sourceTree = "<group>"; };
		DD7C847C1550A3AB00CC13B9 /* en */ = {isa = PBXFileReference; lastKnownFileType = text.plist.strings; name = en; path = en.lproj/InfoPlist.strings; sourceTree = "<group>"; };
		DD7C847E1550A3AB00CC13B9 /* CheckersTests.h */ = {isa = PBXFileReference; lastKnownFileType = sourcecode.c.h; path = CheckersTests.h; sourceTree = "<group>"; };
		DD7C847F1550A3AB00CC13B9 /* CheckersTests.m */ = {isa = PBXFileReference; lastKnownFileType = sourcecode.c.objc; path = CheckersTests.m; sourceTree = "<group>"; };
		DD7C84891550A5F200CC13B9 /* Board.h */ = {isa = PBXFileReference; fileEncoding = 4; lastKnownFileType = sourcecode.c.h; path = Board.h; sourceTree = "<group>"; };
		DD7C848A1550A5F200CC13B9 /* Board.m */ = {isa = PBXFileReference; fileEncoding = 4; lastKnownFileType = sourcecode.c.objc; path = Board.m; sourceTree = "<group>"; };
		DDE016DC155127F20017DD2C /* CheckerView.h */ = {isa = PBXFileReference; fileEncoding = 4; lastKnownFileType = sourcecode.c.h; path = CheckerView.h; sourceTree = "<group>"; };
		DDE016DD155127F20017DD2C /* CheckerView.m */ = {isa = PBXFileReference; fileEncoding = 4; lastKnownFileType = sourcecode.c.objc; path = CheckerView.m; sourceTree = "<group>"; };
/* End PBXFileReference section */

/* Begin PBXFrameworksBuildPhase section */
		DD7C844A1550A3AB00CC13B9 /* Frameworks */ = {
			isa = PBXFrameworksBuildPhase;
			buildActionMask = 2147483647;
			files = (
				DD7C84521550A3AB00CC13B9 /* UIKit.framework in Frameworks */,
				DD7C84541550A3AB00CC13B9 /* Foundation.framework in Frameworks */,
				DD7C84561550A3AB00CC13B9 /* CoreGraphics.framework in Frameworks */,
			);
			runOnlyForDeploymentPostprocessing = 0;
		};
		DD7C846D1550A3AB00CC13B9 /* Frameworks */ = {
			isa = PBXFrameworksBuildPhase;
			buildActionMask = 2147483647;
			files = (
				DD7C84731550A3AB00CC13B9 /* SenTestingKit.framework in Frameworks */,
				DD7C84741550A3AB00CC13B9 /* UIKit.framework in Frameworks */,
				DD7C84751550A3AB00CC13B9 /* Foundation.framework in Frameworks */,
			);
			runOnlyForDeploymentPostprocessing = 0;
		};
/* End PBXFrameworksBuildPhase section */

/* Begin PBXGroup section */
		DD7C84421550A3AB00CC13B9 = {
			isa = PBXGroup;
			children = (
				DD7C84571550A3AB00CC13B9 /* Checkers */,
				DD7C84781550A3AB00CC13B9 /* CheckersTests */,
				DD7C84501550A3AB00CC13B9 /* Frameworks */,
				DD7C844E1550A3AB00CC13B9 /* Products */,
			);
			sourceTree = "<group>";
		};
		DD7C844E1550A3AB00CC13B9 /* Products */ = {
			isa = PBXGroup;
			children = (
				DD7C844D1550A3AB00CC13B9 /* Checkers.app */,
				DD7C84711550A3AB00CC13B9 /* CheckersTests.octest */,
			);
			name = Products;
			sourceTree = "<group>";
		};
		DD7C84501550A3AB00CC13B9 /* Frameworks */ = {
			isa = PBXGroup;
			children = (
				DD7C84511550A3AB00CC13B9 /* UIKit.framework */,
				DD7C84531550A3AB00CC13B9 /* Foundation.framework */,
				DD7C84551550A3AB00CC13B9 /* CoreGraphics.framework */,
				DD7C84721550A3AB00CC13B9 /* SenTestingKit.framework */,
			);
			name = Frameworks;
			sourceTree = "<group>";
		};
		DD7C84571550A3AB00CC13B9 /* Checkers */ = {
			isa = PBXGroup;
			children = (
				DD7C84601550A3AB00CC13B9 /* AppDelegate.h */,
				DD7C84611550A3AB00CC13B9 /* AppDelegate.m */,
				DD7C84631550A3AB00CC13B9 /* MainStoryboard_iPhone.storyboard */,
				DD7C84691550A3AB00CC13B9 /* ViewController.h */,
				DD7C846A1550A3AB00CC13B9 /* ViewController.m */,
				DDE016DC155127F20017DD2C /* CheckerView.h */,
				DDE016DD155127F20017DD2C /* CheckerView.m */,
				DD7C84581550A3AB00CC13B9 /* Supporting Files */,
				DD7C84891550A5F200CC13B9 /* Board.h */,
				DD7C848A1550A5F200CC13B9 /* Board.m */,
			);
			path = Checkers;
			sourceTree = "<group>";
		};
		DD7C84581550A3AB00CC13B9 /* Supporting Files */ = {
			isa = PBXGroup;
			children = (
				DD7C84591550A3AB00CC13B9 /* Checkers-Info.plist */,
				DD7C845A1550A3AB00CC13B9 /* InfoPlist.strings */,
				DD7C845D1550A3AB00CC13B9 /* main.m */,
				DD7C845F1550A3AB00CC13B9 /* Checkers-Prefix.pch */,
			);
			name = "Supporting Files";
			sourceTree = "<group>";
		};
		DD7C84781550A3AB00CC13B9 /* CheckersTests */ = {
			isa = PBXGroup;
			children = (
				DD7C847E1550A3AB00CC13B9 /* CheckersTests.h */,
				DD7C847F1550A3AB00CC13B9 /* CheckersTests.m */,
				DD7C84791550A3AB00CC13B9 /* Supporting Files */,
			);
			path = CheckersTests;
			sourceTree = "<group>";
		};
		DD7C84791550A3AB00CC13B9 /* Supporting Files */ = {
			isa = PBXGroup;
			children = (
				DD7C847A1550A3AB00CC13B9 /* CheckersTests-Info.plist */,
				DD7C847B1550A3AB00CC13B9 /* InfoPlist.strings */,
			);
			name = "Supporting Files";
			sourceTree = "<group>";
		};
/* End PBXGroup section */

/* Begin PBXNativeTarget section */
		DD7C844C1550A3AB00CC13B9 /* Checkers */ = {
			isa = PBXNativeTarget;
			buildConfigurationList = DD7C84831550A3AB00CC13B9 /* Build configuration list for PBXNativeTarget "Checkers" */;
			buildPhases = (
				DD7C84491550A3AB00CC13B9 /* Sources */,
				DD7C844A1550A3AB00CC13B9 /* Frameworks */,
				DD7C844B1550A3AB00CC13B9 /* Resources */,
			);
			buildRules = (
			);
			dependencies = (
			);
			name = Checkers;
			productName = Checkers;
			productReference = DD7C844D1550A3AB00CC13B9 /* Checkers.app */;
			productType = "com.apple.product-type.application";
		};
		DD7C84701550A3AB00CC13B9 /* CheckersTests */ = {
			isa = PBXNativeTarget;
			buildConfigurationList = DD7C84861550A3AB00CC13B9 /* Build configuration list for PBXNativeTarget "CheckersTests" */;
			buildPhases = (
				DD7C846C1550A3AB00CC13B9 /* Sources */,
				DD7C846D1550A3AB00CC13B9 /* Frameworks */,
				DD7C846E1550A3AB00CC13B9 /* Resources */,
				DD7C846F1550A3AB00CC13B9 /* ShellScript */,
			);
			buildRules = (
			);
			dependencies = (
				DD7C84771550A3AB00CC13B9 /* PBXTargetDependency */,
			);
			name = CheckersTests;
			productName = CheckersTests;
			productReference = DD7C84711550A3AB00CC13B9 /* CheckersTests.octest */;
			productType = "com.apple.product-type.bundle";
		};
/* End PBXNativeTarget section */

/* Begin PBXProject section */
		DD7C84441550A3AB00CC13B9 /* Project object */ = {
			isa = PBXProject;
			attributes = {
				LastUpgradeCheck = 0430;
				ORGANIZATIONNAME = "University of California, Berkeley";
			};
			buildConfigurationList = DD7C84471550A3AB00CC13B9 /* Build configuration list for PBXProject "Checkers" */;
			compatibilityVersion = "Xcode 3.2";
			developmentRegion = English;
			hasScannedForEncodings = 0;
			knownRegions = (
				en,
			);
			mainGroup = DD7C84421550A3AB00CC13B9;
			productRefGroup = DD7C844E1550A3AB00CC13B9 /* Products */;
			projectDirPath = "";
			projectRoot = "";
			targets = (
				DD7C844C1550A3AB00CC13B9 /* Checkers */,
				DD7C84701550A3AB00CC13B9 /* CheckersTests */,
			);
		};
/* End PBXProject section */

/* Begin PBXResourcesBuildPhase section */
		DD7C844B1550A3AB00CC13B9 /* Resources */ = {
			isa = PBXResourcesBuildPhase;
			buildActionMask = 2147483647;
			files = (
				DD7C845C1550A3AB00CC13B9 /* InfoPlist.strings in Resources */,
				DD7C84651550A3AB00CC13B9 /* MainStoryboard_iPhone.storyboard in Resources */,
			);
			runOnlyForDeploymentPostprocessing = 0;
		};
		DD7C846E1550A3AB00CC13B9 /* Resources */ = {
			isa = PBXResourcesBuildPhase;
			buildActionMask = 2147483647;
			files = (
				DD7C847D1550A3AB00CC13B9 /* InfoPlist.strings in Resources */,
			);
			runOnlyForDeploymentPostprocessing = 0;
		};
/* End PBXResourcesBuildPhase section */

/* Begin PBXShellScriptBuildPhase section */
		DD7C846F1550A3AB00CC13B9 /* ShellScript */ = {
			isa = PBXShellScriptBuildPhase;
			buildActionMask = 2147483647;
			files = (
			);
			inputPaths = (
			);
			outputPaths = (
			);
			runOnlyForDeploymentPostprocessing = 0;
			shellPath = /bin/sh;
			shellScript = "# Run the unit tests in this test bundle.\n\"${SYSTEM_DEVELOPER_DIR}/Tools/RunUnitTests\"\n";
		};
/* End PBXShellScriptBuildPhase section */

/* Begin PBXSourcesBuildPhase section */
		DD7C84491550A3AB00CC13B9 /* Sources */ = {
			isa = PBXSourcesBuildPhase;
			buildActionMask = 2147483647;
			files = (
				DD7C845E1550A3AB00CC13B9 /* main.m in Sources */,
				DD7C84621550A3AB00CC13B9 /* AppDelegate.m in Sources */,
				DD7C846B1550A3AB00CC13B9 /* ViewController.m in Sources */,
				DD7C848B1550A5F200CC13B9 /* Board.m in Sources */,
				DDE016DE155127F20017DD2C /* CheckerView.m in Sources */,
			);
			runOnlyForDeploymentPostprocessing = 0;
		};
		DD7C846C1550A3AB00CC13B9 /* Sources */ = {
			isa = PBXSourcesBuildPhase;
			buildActionMask = 2147483647;
			files = (
				DD7C84801550A3AB00CC13B9 /* CheckersTests.m in Sources */,
			);
			runOnlyForDeploymentPostprocessing = 0;
		};
/* End PBXSourcesBuildPhase section */

/* Begin PBXTargetDependency section */
		DD7C84771550A3AB00CC13B9 /* PBXTargetDependency */ = {
			isa = PBXTargetDependency;
			target = DD7C844C1550A3AB00CC13B9 /* Checkers */;
			targetProxy = DD7C84761550A3AB00CC13B9 /* PBXContainerItemProxy */;
		};
/* End PBXTargetDependency section */

/* Begin PBXVariantGroup section */
		DD7C845A1550A3AB00CC13B9 /* InfoPlist.strings */ = {
			isa = PBXVariantGroup;
			children = (
				DD7C845B1550A3AB00CC13B9 /* en */,
			);
			name = InfoPlist.strings;
			sourceTree = "<group>";
		};
		DD7C84631550A3AB00CC13B9 /* MainStoryboard_iPhone.storyboard */ = {
			isa = PBXVariantGroup;
			children = (
				DD7C84641550A3AB00CC13B9 /* en */,
			);
			name = MainStoryboard_iPhone.storyboard;
			sourceTree = "<group>";
		};
		DD7C847B1550A3AB00CC13B9 /* InfoPlist.strings */ = {
			isa = PBXVariantGroup;
			children = (
				DD7C847C1550A3AB00CC13B9 /* en */,
			);
			name = InfoPlist.strings;
			sourceTree = "<group>";
		};
/* End PBXVariantGroup section */

/* Begin XCBuildConfiguration section */
		DD7C84811550A3AB00CC13B9 /* Debug */ = {
			isa = XCBuildConfiguration;
			buildSettings = {
				ALWAYS_SEARCH_USER_PATHS = NO;
				ARCHS = "$(ARCHS_STANDARD_32_BIT)";
				"CODE_SIGN_IDENTITY[sdk=iphoneos*]" = "iPhone Developer";
				COPY_PHASE_STRIP = NO;
				GCC_C_LANGUAGE_STANDARD = gnu99;
				GCC_DYNAMIC_NO_PIC = NO;
				GCC_OPTIMIZATION_LEVEL = 0;
				GCC_PREPROCESSOR_DEFINITIONS = (
					"DEBUG=1",
					"$(inherited)",
				);
				GCC_SYMBOLS_PRIVATE_EXTERN = NO;
				GCC_VERSION = com.apple.compilers.llvm.clang.1_0;
				GCC_WARN_ABOUT_RETURN_TYPE = YES;
				GCC_WARN_UNINITIALIZED_AUTOS = YES;
				GCC_WARN_UNUSED_VARIABLE = YES;
				IPHONEOS_DEPLOYMENT_TARGET = 5.1;
				SDKROOT = iphoneos;
				TARGETED_DEVICE_FAMILY = "1,2";
			};
			name = Debug;
		};
		DD7C84821550A3AB00CC13B9 /* Release */ = {
			isa = XCBuildConfiguration;
			buildSettings = {
				ALWAYS_SEARCH_USER_PATHS = NO;
				ARCHS = "$(ARCHS_STANDARD_32_BIT)";
				"CODE_SIGN_IDENTITY[sdk=iphoneos*]" = "iPhone Developer";
				COPY_PHASE_STRIP = YES;
				GCC_C_LANGUAGE_STANDARD = gnu99;
				GCC_VERSION = com.apple.compilers.llvm.clang.1_0;
				GCC_WARN_ABOUT_RETURN_TYPE = YES;
				GCC_WARN_UNINITIALIZED_AUTOS = YES;
				GCC_WARN_UNUSED_VARIABLE = YES;
				IPHONEOS_DEPLOYMENT_TARGET = 5.1;
				OTHER_CFLAGS = "-DNS_BLOCK_ASSERTIONS=1";
				SDKROOT = iphoneos;
				TARGETED_DEVICE_FAMILY = "1,2";
				VALIDATE_PRODUCT = YES;
			};
			name = Release;
		};
		DD7C84841550A3AB00CC13B9 /* Debug */ = {
			isa = XCBuildConfiguration;
			buildSettings = {
				GCC_PRECOMPILE_PREFIX_HEADER = YES;
				GCC_PREFIX_HEADER = "Checkers/Checkers-Prefix.pch";
				INFOPLIST_FILE = "Checkers/Checkers-Info.plist";
				PRODUCT_NAME = "$(TARGET_NAME)";
				TARGETED_DEVICE_FAMILY = 1;
				WRAPPER_EXTENSION = app;
			};
			name = Debug;
		};
		DD7C84851550A3AB00CC13B9 /* Release */ = {
			isa = XCBuildConfiguration;
			buildSettings = {
				GCC_PRECOMPILE_PREFIX_HEADER = YES;
				GCC_PREFIX_HEADER = "Checkers/Checkers-Prefix.pch";
				INFOPLIST_FILE = "Checkers/Checkers-Info.plist";
				PRODUCT_NAME = "$(TARGET_NAME)";
				TARGETED_DEVICE_FAMILY = 1;
				WRAPPER_EXTENSION = app;
			};
			name = Release;
		};
		DD7C84871550A3AB00CC13B9 /* Debug */ = {
			isa = XCBuildConfiguration;
			buildSettings = {
				BUNDLE_LOADER = "$(BUILT_PRODUCTS_DIR)/Checkers.app/Checkers";
				FRAMEWORK_SEARCH_PATHS = (
					"$(SDKROOT)/Developer/Library/Frameworks",
					"$(DEVELOPER_LIBRARY_DIR)/Frameworks",
				);
				GCC_PRECOMPILE_PREFIX_HEADER = YES;
				GCC_PREFIX_HEADER = "Checkers/Checkers-Prefix.pch";
				INFOPLIST_FILE = "CheckersTests/CheckersTests-Info.plist";
				PRODUCT_NAME = "$(TARGET_NAME)";
				TEST_HOST = "$(BUNDLE_LOADER)";
				WRAPPER_EXTENSION = octest;
			};
			name = Debug;
		};
		DD7C84881550A3AB00CC13B9 /* Release */ = {
			isa = XCBuildConfiguration;
			buildSettings = {
				BUNDLE_LOADER = "$(BUILT_PRODUCTS_DIR)/Checkers.app/Checkers";
				FRAMEWORK_SEARCH_PATHS = (
					"$(SDKROOT)/Developer/Library/Frameworks",
					"$(DEVELOPER_LIBRARY_DIR)/Frameworks",
				);
				GCC_PRECOMPILE_PREFIX_HEADER = YES;
				GCC_PREFIX_HEADER = "Checkers/Checkers-Prefix.pch";
				INFOPLIST_FILE = "CheckersTests/CheckersTests-Info.plist";
				PRODUCT_NAME = "$(TARGET_NAME)";
				TEST_HOST = "$(BUNDLE_LOADER)";
				WRAPPER_EXTENSION = octest;
			};
			name = Release;
		};
/* End XCBuildConfiguration section */

/* Begin XCConfigurationList section */
		DD7C84471550A3AB00CC13B9 /* Build configuration list for PBXProject "Checkers" */ = {
			isa = XCConfigurationList;
			buildConfigurations = (
				DD7C84811550A3AB00CC13B9 /* Debug */,
				DD7C84821550A3AB00CC13B9 /* Release */,
			);
			defaultConfigurationIsVisible = 0;
			defaultConfigurationName = Release;
		};
		DD7C84831550A3AB00CC13B9 /* Build configuration list for PBXNativeTarget "Checkers" */ = {
			isa = XCConfigurationList;
			buildConfigurations = (
				DD7C84841550A3AB00CC13B9 /* Debug */,
				DD7C84851550A3AB00CC13B9 /* Release */,
			);
			defaultConfigurationIsVisible = 0;
			defaultConfigurationName = Release;
		};
		DD7C84861550A3AB00CC13B9 /* Build configuration list for PBXNativeTarget "CheckersTests" */ = {
			isa = XCConfigurationList;
			buildConfigurations = (
				DD7C84871550A3AB00CC13B9 /* Debug */,
				DD7C84881550A3AB00CC13B9 /* Release */,
			);
			defaultConfigurationIsVisible = 0;
			defaultConfigurationName = Release;
		};
/* End XCConfigurationList section */
	};
	rootObject = DD7C84441550A3AB00CC13B9 /* Project object */;
}
